
Microsoft Visual Studio Solution File, Format Version 12.00
Project("{FAE04EC0-301F-11D3-BF4B-00C04F79EFBC}") = "ATM", "ATM.csproj", "{B2D812AE-A109-4525-AC0D-C8F15D9B3519}"
EndProject
Global
	GlobalSection(SolutionConfigurationPlatforms) = preSolution
		Debug|Any CPU = Debug|Any CPU
		Release|Any CPU = Release|Any CPU
	EndGlobalSection
	GlobalSection(ProjectConfigurationPlatforms) = postSolution
		{B2D812AE-A109-4525-AC0D-C8F15D9B3519}.Debug|Any CPU.ActiveCfg = Debug|Any CPU
		{B2D812AE-A109-4525-AC0D-C8F15D9B3519}.Debug|Any CPU.Build.0 = Debug|Any CPU
		{B2D812AE-A109-4525-AC0D-C8F15D9B3519}.Release|Any CPU.ActiveCfg = Release|Any CPU
		{B2D812AE-A109-4525-AC0D-C8F15D9B3519}.Release|Any CPU.Build.0 = Release|Any CPU
		{A67F1338-8B57-4B68-948A-71E17163C54D}.Debug|Any CPU.ActiveCfg = Debug|Any CPU
		{A67F1338-8B57-4B68-948A-71E17163C54D}.Debug|Any CPU.Build.0 = Debug|Any CPU
		{A67F1338-8B57-4B68-948A-71E17163C54D}.Release|Any CPU.ActiveCfg = Release|Any CPU
		{A67F1338-8B57-4B68-948A-71E17163C54D}.Release|Any CPU.Build.0 = Release|Any CPU
	EndGlobalSection
EndGlobal
